{
  "name": "uid2-examples",
  "version": "0.2.71",
  "lockfileVersion": 3,
  "requires": true,
  "packages": {
    "": {
      "name": "uid2-examples",
      "version": "0.2.71",
      "license": "BSD-2-Clause",
      "devDependencies": {
        "mkcert": "^3.2.0",
        "tsx": "^4.19.1"
      },
      "engines": {
        "node": ">=18"
      }
    }
  }
}
